
Microsoft Visual Studio Solution File, Format Version 12.00
# Visual Studio 15
VisualStudioVersion = 15.0.28307.136
MinimumVisualStudioVersion = 10.0.40219.1
Project("{FAE04EC0-301F-11D3-BF4B-00C04F79EFBC}") = "WhileLoops1", "WhileLoops1\WhileLoops1.csproj", "{377E0585-63FF-4267-B929-34F33C8C5B05}"
EndProject
Global
	GlobalSection(SolutionConfigurationPlatforms) = preSolution
		Debug|Any CPU = Debug|Any CPU
		Release|Any CPU = Release|Any CPU
	EndGlobalSection
	GlobalSection(ProjectConfigurationPlatforms) = postSolution
		{377E0585-63FF-4267-B929-34F33C8C5B05}.Debug|Any CPU.ActiveCfg = Debug|Any CPU
		{377E0585-63FF-4267-B929-34F33C8C5B05}.Debug|Any CPU.Build.0 = Debug|Any CPU
		{377E0585-63FF-4267-B929-34F33C8C5B05}.Release|Any CPU.ActiveCfg = Release|Any CPU
		{377E0585-63FF-4267-B929-34F33C8C5B05}.Release|Any CPU.Build.0 = Release|Any CPU
	EndGlobalSection
	GlobalSection(SolutionProperties) = preSolution
		HideSolutionNode = FALSE
	EndGlobalSection
	GlobalSection(ExtensibilityGlobals) = postSolution
		SolutionGuid = {E3C9CB4D-3226-47F9-9833-397D29F1BE61}
	EndGlobalSection
EndGlobal
