
Microsoft Visual Studio Solution File, Format Version 12.00
# Visual Studio 15
VisualStudioVersion = 15.0.28307.136
MinimumVisualStudioVersion = 10.0.40219.1
Project("{FAE04EC0-301F-11D3-BF4B-00C04F79EFBC}") = "DatesAndTime", "DatesAndTime\DatesAndTime.csproj", "{BBB6DDA6-24FB-4AEE-B549-D1739BE0B08B}"
EndProject
Global
	GlobalSection(SolutionConfigurationPlatforms) = preSolution
		Debug|Any CPU = Debug|Any CPU
		Release|Any CPU = Release|Any CPU
	EndGlobalSection
	GlobalSection(ProjectConfigurationPlatforms) = postSolution
		{BBB6DDA6-24FB-4AEE-B549-D1739BE0B08B}.Debug|Any CPU.ActiveCfg = Debug|Any CPU
		{BBB6DDA6-24FB-4AEE-B549-D1739BE0B08B}.Debug|Any CPU.Build.0 = Debug|Any CPU
		{BBB6DDA6-24FB-4AEE-B549-D1739BE0B08B}.Release|Any CPU.ActiveCfg = Release|Any CPU
		{BBB6DDA6-24FB-4AEE-B549-D1739BE0B08B}.Release|Any CPU.Build.0 = Release|Any CPU
	EndGlobalSection
	GlobalSection(SolutionProperties) = preSolution
		HideSolutionNode = FALSE
	EndGlobalSection
	GlobalSection(ExtensibilityGlobals) = postSolution
		SolutionGuid = {CDE84C55-4450-404A-BAF9-68EF4253DCD1}
	EndGlobalSection
EndGlobal
