
Microsoft Visual Studio Solution File, Format Version 12.00
# Visual Studio 15
VisualStudioVersion = 15.0.28307.329
MinimumVisualStudioVersion = 10.0.40219.1
Project("{FAE04EC0-301F-11D3-BF4B-00C04F79EFBC}") = "MessagingApp1", "MessagingApp1\MessagingApp1.csproj", "{AED63547-0CCB-49A5-9068-FF031C354A06}"
EndProject
Global
	GlobalSection(SolutionConfigurationPlatforms) = preSolution
		Debug|Any CPU = Debug|Any CPU
		Release|Any CPU = Release|Any CPU
	EndGlobalSection
	GlobalSection(ProjectConfigurationPlatforms) = postSolution
		{AED63547-0CCB-49A5-9068-FF031C354A06}.Debug|Any CPU.ActiveCfg = Debug|Any CPU
		{AED63547-0CCB-49A5-9068-FF031C354A06}.Debug|Any CPU.Build.0 = Debug|Any CPU
		{AED63547-0CCB-49A5-9068-FF031C354A06}.Release|Any CPU.ActiveCfg = Release|Any CPU
		{AED63547-0CCB-49A5-9068-FF031C354A06}.Release|Any CPU.Build.0 = Release|Any CPU
	EndGlobalSection
	GlobalSection(SolutionProperties) = preSolution
		HideSolutionNode = FALSE
	EndGlobalSection
	GlobalSection(ExtensibilityGlobals) = postSolution
		SolutionGuid = {6B7513FC-45FA-414B-A0E8-E98E9AD5DDD4}
	EndGlobalSection
EndGlobal
