
Microsoft Visual Studio Solution File, Format Version 12.00
# Visual Studio 15
VisualStudioVersion = 15.0.28307.136
MinimumVisualStudioVersion = 10.0.40219.1
Project("{FAE04EC0-301F-11D3-BF4B-00C04F79EFBC}") = "ObjectsAndToStringMethod1", "ObjectsAndToStringMethod1\ObjectsAndToStringMethod1.csproj", "{12314EDE-81D0-415D-A47B-5DB273B7F590}"
EndProject
Global
	GlobalSection(SolutionConfigurationPlatforms) = preSolution
		Debug|Any CPU = Debug|Any CPU
		Release|Any CPU = Release|Any CPU
	EndGlobalSection
	GlobalSection(ProjectConfigurationPlatforms) = postSolution
		{12314EDE-81D0-415D-A47B-5DB273B7F590}.Debug|Any CPU.ActiveCfg = Debug|Any CPU
		{12314EDE-81D0-415D-A47B-5DB273B7F590}.Debug|Any CPU.Build.0 = Debug|Any CPU
		{12314EDE-81D0-415D-A47B-5DB273B7F590}.Release|Any CPU.ActiveCfg = Release|Any CPU
		{12314EDE-81D0-415D-A47B-5DB273B7F590}.Release|Any CPU.Build.0 = Release|Any CPU
	EndGlobalSection
	GlobalSection(SolutionProperties) = preSolution
		HideSolutionNode = FALSE
	EndGlobalSection
	GlobalSection(ExtensibilityGlobals) = postSolution
		SolutionGuid = {98511480-B34A-4063-8D86-695855CA54A4}
	EndGlobalSection
EndGlobal
