
Microsoft Visual Studio Solution File, Format Version 12.00
# Visual Studio 15
VisualStudioVersion = 15.0.28307.136
MinimumVisualStudioVersion = 10.0.40219.1
Project("{FAE04EC0-301F-11D3-BF4B-00C04F79EFBC}") = "IfElseStatement5", "IfElseStatement5\IfElseStatement5.csproj", "{445192ED-60EB-472B-833B-D526067714DF}"
EndProject
Global
	GlobalSection(SolutionConfigurationPlatforms) = preSolution
		Debug|Any CPU = Debug|Any CPU
		Release|Any CPU = Release|Any CPU
	EndGlobalSection
	GlobalSection(ProjectConfigurationPlatforms) = postSolution
		{445192ED-60EB-472B-833B-D526067714DF}.Debug|Any CPU.ActiveCfg = Debug|Any CPU
		{445192ED-60EB-472B-833B-D526067714DF}.Debug|Any CPU.Build.0 = Debug|Any CPU
		{445192ED-60EB-472B-833B-D526067714DF}.Release|Any CPU.ActiveCfg = Release|Any CPU
		{445192ED-60EB-472B-833B-D526067714DF}.Release|Any CPU.Build.0 = Release|Any CPU
	EndGlobalSection
	GlobalSection(SolutionProperties) = preSolution
		HideSolutionNode = FALSE
	EndGlobalSection
	GlobalSection(ExtensibilityGlobals) = postSolution
		SolutionGuid = {37E978B6-844D-48EF-8942-D26F040077BC}
	EndGlobalSection
EndGlobal
