
Microsoft Visual Studio Solution File, Format Version 12.00
# Visual Studio 15
VisualStudioVersion = 15.0.28307.136
MinimumVisualStudioVersion = 10.0.40219.1
Project("{FAE04EC0-301F-11D3-BF4B-00C04F79EFBC}") = "WorkingWithCollections1", "WorkingWithCollections1\WorkingWithCollections1.csproj", "{79DFD0D3-34DC-40C7-8A78-647DBF395A5F}"
EndProject
Global
	GlobalSection(SolutionConfigurationPlatforms) = preSolution
		Debug|Any CPU = Debug|Any CPU
		Release|Any CPU = Release|Any CPU
	EndGlobalSection
	GlobalSection(ProjectConfigurationPlatforms) = postSolution
		{79DFD0D3-34DC-40C7-8A78-647DBF395A5F}.Debug|Any CPU.ActiveCfg = Debug|Any CPU
		{79DFD0D3-34DC-40C7-8A78-647DBF395A5F}.Debug|Any CPU.Build.0 = Debug|Any CPU
		{79DFD0D3-34DC-40C7-8A78-647DBF395A5F}.Release|Any CPU.ActiveCfg = Release|Any CPU
		{79DFD0D3-34DC-40C7-8A78-647DBF395A5F}.Release|Any CPU.Build.0 = Release|Any CPU
	EndGlobalSection
	GlobalSection(SolutionProperties) = preSolution
		HideSolutionNode = FALSE
	EndGlobalSection
	GlobalSection(ExtensibilityGlobals) = postSolution
		SolutionGuid = {7F1A4DA0-7AE4-42EA-9E27-D37AAC0BAC40}
	EndGlobalSection
EndGlobal
