
Microsoft Visual Studio Solution File, Format Version 12.00
# Visual Studio 15
VisualStudioVersion = 15.0.28307.136
MinimumVisualStudioVersion = 10.0.40219.1
Project("{FAE04EC0-301F-11D3-BF4B-00C04F79EFBC}") = "MultiDimensionalArrays1", "MultiDimensionalArrays1\MultiDimensionalArrays1.csproj", "{661B7231-3ABA-4E98-8301-1EEE206BC8A5}"
EndProject
Global
	GlobalSection(SolutionConfigurationPlatforms) = preSolution
		Debug|Any CPU = Debug|Any CPU
		Release|Any CPU = Release|Any CPU
	EndGlobalSection
	GlobalSection(ProjectConfigurationPlatforms) = postSolution
		{661B7231-3ABA-4E98-8301-1EEE206BC8A5}.Debug|Any CPU.ActiveCfg = Debug|Any CPU
		{661B7231-3ABA-4E98-8301-1EEE206BC8A5}.Debug|Any CPU.Build.0 = Debug|Any CPU
		{661B7231-3ABA-4E98-8301-1EEE206BC8A5}.Release|Any CPU.ActiveCfg = Release|Any CPU
		{661B7231-3ABA-4E98-8301-1EEE206BC8A5}.Release|Any CPU.Build.0 = Release|Any CPU
	EndGlobalSection
	GlobalSection(SolutionProperties) = preSolution
		HideSolutionNode = FALSE
	EndGlobalSection
	GlobalSection(ExtensibilityGlobals) = postSolution
		SolutionGuid = {0CF589FE-1667-43DC-8483-260A66AA09F8}
	EndGlobalSection
EndGlobal
