
Microsoft Visual Studio Solution File, Format Version 12.00
# Visual Studio 15
VisualStudioVersion = 15.0.28307.136
MinimumVisualStudioVersion = 10.0.40219.1
Project("{FAE04EC0-301F-11D3-BF4B-00C04F79EFBC}") = "MiniStringAssignment1", "MiniStringAssignment1\MiniStringAssignment1.csproj", "{1C01878A-8F7A-4702-9929-00EBD995795F}"
EndProject
Global
	GlobalSection(SolutionConfigurationPlatforms) = preSolution
		Debug|Any CPU = Debug|Any CPU
		Release|Any CPU = Release|Any CPU
	EndGlobalSection
	GlobalSection(ProjectConfigurationPlatforms) = postSolution
		{1C01878A-8F7A-4702-9929-00EBD995795F}.Debug|Any CPU.ActiveCfg = Debug|Any CPU
		{1C01878A-8F7A-4702-9929-00EBD995795F}.Debug|Any CPU.Build.0 = Debug|Any CPU
		{1C01878A-8F7A-4702-9929-00EBD995795F}.Release|Any CPU.ActiveCfg = Release|Any CPU
		{1C01878A-8F7A-4702-9929-00EBD995795F}.Release|Any CPU.Build.0 = Release|Any CPU
	EndGlobalSection
	GlobalSection(SolutionProperties) = preSolution
		HideSolutionNode = FALSE
	EndGlobalSection
	GlobalSection(ExtensibilityGlobals) = postSolution
		SolutionGuid = {A7186374-D17E-4BB7-94BC-EFFECA1C0188}
	EndGlobalSection
EndGlobal
