
Microsoft Visual Studio Solution File, Format Version 12.00
# Visual Studio 15
VisualStudioVersion = 15.0.28307.136
MinimumVisualStudioVersion = 10.0.40219.1
Project("{FAE04EC0-301F-11D3-BF4B-00C04F79EFBC}") = "StaticVsInstanceMethods3", "StaticVsInstanceMethods3\StaticVsInstanceMethods3.csproj", "{579BA049-62B3-4953-80FC-0DA16593F1B7}"
EndProject
Global
	GlobalSection(SolutionConfigurationPlatforms) = preSolution
		Debug|Any CPU = Debug|Any CPU
		Release|Any CPU = Release|Any CPU
	EndGlobalSection
	GlobalSection(ProjectConfigurationPlatforms) = postSolution
		{579BA049-62B3-4953-80FC-0DA16593F1B7}.Debug|Any CPU.ActiveCfg = Debug|Any CPU
		{579BA049-62B3-4953-80FC-0DA16593F1B7}.Debug|Any CPU.Build.0 = Debug|Any CPU
		{579BA049-62B3-4953-80FC-0DA16593F1B7}.Release|Any CPU.ActiveCfg = Release|Any CPU
		{579BA049-62B3-4953-80FC-0DA16593F1B7}.Release|Any CPU.Build.0 = Release|Any CPU
	EndGlobalSection
	GlobalSection(SolutionProperties) = preSolution
		HideSolutionNode = FALSE
	EndGlobalSection
	GlobalSection(ExtensibilityGlobals) = postSolution
		SolutionGuid = {3F2FE454-8391-45F5-9FE1-D5267DFD79E7}
	EndGlobalSection
EndGlobal
