
Microsoft Visual Studio Solution File, Format Version 12.00
# Visual Studio 15
VisualStudioVersion = 15.0.28307.136
MinimumVisualStudioVersion = 10.0.40219.1
Project("{FAE04EC0-301F-11D3-BF4B-00C04F79EFBC}") = "ForLopps3", "ForLopps3\ForLopps3.csproj", "{0852A1CE-CA6D-485A-91EC-DA29E5A2520D}"
EndProject
Global
	GlobalSection(SolutionConfigurationPlatforms) = preSolution
		Debug|Any CPU = Debug|Any CPU
		Release|Any CPU = Release|Any CPU
	EndGlobalSection
	GlobalSection(ProjectConfigurationPlatforms) = postSolution
		{0852A1CE-CA6D-485A-91EC-DA29E5A2520D}.Debug|Any CPU.ActiveCfg = Debug|Any CPU
		{0852A1CE-CA6D-485A-91EC-DA29E5A2520D}.Debug|Any CPU.Build.0 = Debug|Any CPU
		{0852A1CE-CA6D-485A-91EC-DA29E5A2520D}.Release|Any CPU.ActiveCfg = Release|Any CPU
		{0852A1CE-CA6D-485A-91EC-DA29E5A2520D}.Release|Any CPU.Build.0 = Release|Any CPU
	EndGlobalSection
	GlobalSection(SolutionProperties) = preSolution
		HideSolutionNode = FALSE
	EndGlobalSection
	GlobalSection(ExtensibilityGlobals) = postSolution
		SolutionGuid = {B85381CD-1A20-4393-87CC-A0D9C910AA9E}
	EndGlobalSection
EndGlobal
