
Microsoft Visual Studio Solution File, Format Version 12.00
# Visual Studio 15
VisualStudioVersion = 15.0.28307.136
MinimumVisualStudioVersion = 10.0.40219.1
Project("{FAE04EC0-301F-11D3-BF4B-00C04F79EFBC}") = "Decisions", "Decisions\Decisions.csproj", "{0FBDD004-2617-4D7B-A732-7E670459C2F4}"
EndProject
Global
	GlobalSection(SolutionConfigurationPlatforms) = preSolution
		Debug|Any CPU = Debug|Any CPU
		Release|Any CPU = Release|Any CPU
	EndGlobalSection
	GlobalSection(ProjectConfigurationPlatforms) = postSolution
		{0FBDD004-2617-4D7B-A732-7E670459C2F4}.Debug|Any CPU.ActiveCfg = Debug|Any CPU
		{0FBDD004-2617-4D7B-A732-7E670459C2F4}.Debug|Any CPU.Build.0 = Debug|Any CPU
		{0FBDD004-2617-4D7B-A732-7E670459C2F4}.Release|Any CPU.ActiveCfg = Release|Any CPU
		{0FBDD004-2617-4D7B-A732-7E670459C2F4}.Release|Any CPU.Build.0 = Release|Any CPU
	EndGlobalSection
	GlobalSection(SolutionProperties) = preSolution
		HideSolutionNode = FALSE
	EndGlobalSection
	GlobalSection(ExtensibilityGlobals) = postSolution
		SolutionGuid = {758833E9-3397-40AA-B235-F239FE145B3E}
	EndGlobalSection
EndGlobal
