
Microsoft Visual Studio Solution File, Format Version 12.00
# Visual Studio 15
VisualStudioVersion = 15.0.28307.329
MinimumVisualStudioVersion = 10.0.40219.1
Project("{FAE04EC0-301F-11D3-BF4B-00C04F79EFBC}") = "PayrollCalculations1", "PayrollCalculations1\PayrollCalculations1.csproj", "{CEAC47CC-D053-47E4-920A-0776472BA1B1}"
EndProject
Global
	GlobalSection(SolutionConfigurationPlatforms) = preSolution
		Debug|Any CPU = Debug|Any CPU
		Release|Any CPU = Release|Any CPU
	EndGlobalSection
	GlobalSection(ProjectConfigurationPlatforms) = postSolution
		{CEAC47CC-D053-47E4-920A-0776472BA1B1}.Debug|Any CPU.ActiveCfg = Debug|Any CPU
		{CEAC47CC-D053-47E4-920A-0776472BA1B1}.Debug|Any CPU.Build.0 = Debug|Any CPU
		{CEAC47CC-D053-47E4-920A-0776472BA1B1}.Release|Any CPU.ActiveCfg = Release|Any CPU
		{CEAC47CC-D053-47E4-920A-0776472BA1B1}.Release|Any CPU.Build.0 = Release|Any CPU
	EndGlobalSection
	GlobalSection(SolutionProperties) = preSolution
		HideSolutionNode = FALSE
	EndGlobalSection
	GlobalSection(ExtensibilityGlobals) = postSolution
		SolutionGuid = {409148DD-DA24-4E46-8CA4-549097EBCDCB}
	EndGlobalSection
EndGlobal
