
Microsoft Visual Studio Solution File, Format Version 12.00
# Visual Studio 15
VisualStudioVersion = 15.0.28307.136
MinimumVisualStudioVersion = 10.0.40219.1
Project("{FAE04EC0-301F-11D3-BF4B-00C04F79EFBC}") = "IfElseStatement4", "IfElseStatement4\IfElseStatement4.csproj", "{C2E4BE49-2F6A-4BA4-B5F3-A897676D57C7}"
EndProject
Global
	GlobalSection(SolutionConfigurationPlatforms) = preSolution
		Debug|Any CPU = Debug|Any CPU
		Release|Any CPU = Release|Any CPU
	EndGlobalSection
	GlobalSection(ProjectConfigurationPlatforms) = postSolution
		{C2E4BE49-2F6A-4BA4-B5F3-A897676D57C7}.Debug|Any CPU.ActiveCfg = Debug|Any CPU
		{C2E4BE49-2F6A-4BA4-B5F3-A897676D57C7}.Debug|Any CPU.Build.0 = Debug|Any CPU
		{C2E4BE49-2F6A-4BA4-B5F3-A897676D57C7}.Release|Any CPU.ActiveCfg = Release|Any CPU
		{C2E4BE49-2F6A-4BA4-B5F3-A897676D57C7}.Release|Any CPU.Build.0 = Release|Any CPU
	EndGlobalSection
	GlobalSection(SolutionProperties) = preSolution
		HideSolutionNode = FALSE
	EndGlobalSection
	GlobalSection(ExtensibilityGlobals) = postSolution
		SolutionGuid = {8155DD63-6388-4730-82A3-8FA6D7BB80B8}
	EndGlobalSection
EndGlobal
