
Microsoft Visual Studio Solution File, Format Version 12.00
# Visual Studio 15
VisualStudioVersion = 15.0.28307.136
MinimumVisualStudioVersion = 10.0.40219.1
Project("{FAE04EC0-301F-11D3-BF4B-00C04F79EFBC}") = "MakingArraysOfObjects1", "MakingArraysOfObjects1\MakingArraysOfObjects1.csproj", "{EE84A2C7-35F7-495A-85CB-DEC973D339BB}"
EndProject
Global
	GlobalSection(SolutionConfigurationPlatforms) = preSolution
		Debug|Any CPU = Debug|Any CPU
		Release|Any CPU = Release|Any CPU
	EndGlobalSection
	GlobalSection(ProjectConfigurationPlatforms) = postSolution
		{EE84A2C7-35F7-495A-85CB-DEC973D339BB}.Debug|Any CPU.ActiveCfg = Debug|Any CPU
		{EE84A2C7-35F7-495A-85CB-DEC973D339BB}.Debug|Any CPU.Build.0 = Debug|Any CPU
		{EE84A2C7-35F7-495A-85CB-DEC973D339BB}.Release|Any CPU.ActiveCfg = Release|Any CPU
		{EE84A2C7-35F7-495A-85CB-DEC973D339BB}.Release|Any CPU.Build.0 = Release|Any CPU
	EndGlobalSection
	GlobalSection(SolutionProperties) = preSolution
		HideSolutionNode = FALSE
	EndGlobalSection
	GlobalSection(ExtensibilityGlobals) = postSolution
		SolutionGuid = {81BE233F-F44C-4E6B-A722-95604229C7A5}
	EndGlobalSection
EndGlobal
