
Microsoft Visual Studio Solution File, Format Version 12.00
# Visual Studio 15
VisualStudioVersion = 15.0.28307.329
MinimumVisualStudioVersion = 10.0.40219.1
Project("{FAE04EC0-301F-11D3-BF4B-00C04F79EFBC}") = "Events2", "Events2\Events2.csproj", "{AB4B1CAA-EF82-4F46-A3D9-CCF15E81B156}"
EndProject
Global
	GlobalSection(SolutionConfigurationPlatforms) = preSolution
		Debug|Any CPU = Debug|Any CPU
		Release|Any CPU = Release|Any CPU
	EndGlobalSection
	GlobalSection(ProjectConfigurationPlatforms) = postSolution
		{AB4B1CAA-EF82-4F46-A3D9-CCF15E81B156}.Debug|Any CPU.ActiveCfg = Debug|Any CPU
		{AB4B1CAA-EF82-4F46-A3D9-CCF15E81B156}.Debug|Any CPU.Build.0 = Debug|Any CPU
		{AB4B1CAA-EF82-4F46-A3D9-CCF15E81B156}.Release|Any CPU.ActiveCfg = Release|Any CPU
		{AB4B1CAA-EF82-4F46-A3D9-CCF15E81B156}.Release|Any CPU.Build.0 = Release|Any CPU
	EndGlobalSection
	GlobalSection(SolutionProperties) = preSolution
		HideSolutionNode = FALSE
	EndGlobalSection
	GlobalSection(ExtensibilityGlobals) = postSolution
		SolutionGuid = {99ED9C35-15EC-47C8-B73F-6FCB4CB2F57C}
	EndGlobalSection
EndGlobal
