
Microsoft Visual Studio Solution File, Format Version 12.00
# Visual Studio 15
VisualStudioVersion = 15.0.28307.136
MinimumVisualStudioVersion = 10.0.40219.1
Project("{FAE04EC0-301F-11D3-BF4B-00C04F79EFBC}") = "Casting1", "Casting1\Casting1.csproj", "{7C20D291-04CF-47EC-A1A3-F727D7E3AD01}"
EndProject
Global
	GlobalSection(SolutionConfigurationPlatforms) = preSolution
		Debug|Any CPU = Debug|Any CPU
		Release|Any CPU = Release|Any CPU
	EndGlobalSection
	GlobalSection(ProjectConfigurationPlatforms) = postSolution
		{7C20D291-04CF-47EC-A1A3-F727D7E3AD01}.Debug|Any CPU.ActiveCfg = Debug|Any CPU
		{7C20D291-04CF-47EC-A1A3-F727D7E3AD01}.Debug|Any CPU.Build.0 = Debug|Any CPU
		{7C20D291-04CF-47EC-A1A3-F727D7E3AD01}.Release|Any CPU.ActiveCfg = Release|Any CPU
		{7C20D291-04CF-47EC-A1A3-F727D7E3AD01}.Release|Any CPU.Build.0 = Release|Any CPU
	EndGlobalSection
	GlobalSection(SolutionProperties) = preSolution
		HideSolutionNode = FALSE
	EndGlobalSection
	GlobalSection(ExtensibilityGlobals) = postSolution
		SolutionGuid = {59CDC520-C6D8-424A-917A-D6F0A106C316}
	EndGlobalSection
EndGlobal
