
Microsoft Visual Studio Solution File, Format Version 12.00
# Visual Studio 15
VisualStudioVersion = 15.0.28307.136
MinimumVisualStudioVersion = 10.0.40219.1
Project("{FAE04EC0-301F-11D3-BF4B-00C04F79EFBC}") = "RandomNumbers1", "RandomNumbers1\RandomNumbers1.csproj", "{D8279DFB-E4D8-4F6B-95EA-BF8272F64ECB}"
EndProject
Global
	GlobalSection(SolutionConfigurationPlatforms) = preSolution
		Debug|Any CPU = Debug|Any CPU
		Release|Any CPU = Release|Any CPU
	EndGlobalSection
	GlobalSection(ProjectConfigurationPlatforms) = postSolution
		{D8279DFB-E4D8-4F6B-95EA-BF8272F64ECB}.Debug|Any CPU.ActiveCfg = Debug|Any CPU
		{D8279DFB-E4D8-4F6B-95EA-BF8272F64ECB}.Debug|Any CPU.Build.0 = Debug|Any CPU
		{D8279DFB-E4D8-4F6B-95EA-BF8272F64ECB}.Release|Any CPU.ActiveCfg = Release|Any CPU
		{D8279DFB-E4D8-4F6B-95EA-BF8272F64ECB}.Release|Any CPU.Build.0 = Release|Any CPU
	EndGlobalSection
	GlobalSection(SolutionProperties) = preSolution
		HideSolutionNode = FALSE
	EndGlobalSection
	GlobalSection(ExtensibilityGlobals) = postSolution
		SolutionGuid = {49929C1A-1810-46C9-BD77-4DED79CEDAB2}
	EndGlobalSection
EndGlobal
