
Microsoft Visual Studio Solution File, Format Version 12.00
# Visual Studio 15
VisualStudioVersion = 15.0.28307.329
MinimumVisualStudioVersion = 10.0.40219.1
Project("{FAE04EC0-301F-11D3-BF4B-00C04F79EFBC}") = "GUIEvents1", "GUIEvents1\GUIEvents1.csproj", "{2365E14C-F809-4619-AFA6-77B9863D40DB}"
EndProject
Global
	GlobalSection(SolutionConfigurationPlatforms) = preSolution
		Debug|Any CPU = Debug|Any CPU
		Release|Any CPU = Release|Any CPU
	EndGlobalSection
	GlobalSection(ProjectConfigurationPlatforms) = postSolution
		{2365E14C-F809-4619-AFA6-77B9863D40DB}.Debug|Any CPU.ActiveCfg = Debug|Any CPU
		{2365E14C-F809-4619-AFA6-77B9863D40DB}.Debug|Any CPU.Build.0 = Debug|Any CPU
		{2365E14C-F809-4619-AFA6-77B9863D40DB}.Release|Any CPU.ActiveCfg = Release|Any CPU
		{2365E14C-F809-4619-AFA6-77B9863D40DB}.Release|Any CPU.Build.0 = Release|Any CPU
	EndGlobalSection
	GlobalSection(SolutionProperties) = preSolution
		HideSolutionNode = FALSE
	EndGlobalSection
	GlobalSection(ExtensibilityGlobals) = postSolution
		SolutionGuid = {705937B6-FA53-445E-B0CF-C0F4802B6446}
	EndGlobalSection
EndGlobal
