
Microsoft Visual Studio Solution File, Format Version 12.00
# Visual Studio 15
VisualStudioVersion = 15.0.28307.136
MinimumVisualStudioVersion = 10.0.40219.1
Project("{FAE04EC0-301F-11D3-BF4B-00C04F79EFBC}") = "IfElseStatement2", "IfElseStatement2\IfElseStatement2.csproj", "{992AFC99-8F18-403F-8219-CE69BC706D7C}"
EndProject
Global
	GlobalSection(SolutionConfigurationPlatforms) = preSolution
		Debug|Any CPU = Debug|Any CPU
		Release|Any CPU = Release|Any CPU
	EndGlobalSection
	GlobalSection(ProjectConfigurationPlatforms) = postSolution
		{992AFC99-8F18-403F-8219-CE69BC706D7C}.Debug|Any CPU.ActiveCfg = Debug|Any CPU
		{992AFC99-8F18-403F-8219-CE69BC706D7C}.Debug|Any CPU.Build.0 = Debug|Any CPU
		{992AFC99-8F18-403F-8219-CE69BC706D7C}.Release|Any CPU.ActiveCfg = Release|Any CPU
		{992AFC99-8F18-403F-8219-CE69BC706D7C}.Release|Any CPU.Build.0 = Release|Any CPU
	EndGlobalSection
	GlobalSection(SolutionProperties) = preSolution
		HideSolutionNode = FALSE
	EndGlobalSection
	GlobalSection(ExtensibilityGlobals) = postSolution
		SolutionGuid = {3907FA7B-990A-4EBF-85CA-0198F8EF8C4C}
	EndGlobalSection
EndGlobal
