
Microsoft Visual Studio Solution File, Format Version 12.00
# Visual Studio 15
VisualStudioVersion = 15.0.28307.136
MinimumVisualStudioVersion = 10.0.40219.1
Project("{FAE04EC0-301F-11D3-BF4B-00C04F79EFBC}") = "CompareUserInput1", "CompareUserInput1\CompareUserInput1.csproj", "{B327C916-18F7-4106-849C-EF3490118FD2}"
EndProject
Global
	GlobalSection(SolutionConfigurationPlatforms) = preSolution
		Debug|Any CPU = Debug|Any CPU
		Release|Any CPU = Release|Any CPU
	EndGlobalSection
	GlobalSection(ProjectConfigurationPlatforms) = postSolution
		{B327C916-18F7-4106-849C-EF3490118FD2}.Debug|Any CPU.ActiveCfg = Debug|Any CPU
		{B327C916-18F7-4106-849C-EF3490118FD2}.Debug|Any CPU.Build.0 = Debug|Any CPU
		{B327C916-18F7-4106-849C-EF3490118FD2}.Release|Any CPU.ActiveCfg = Release|Any CPU
		{B327C916-18F7-4106-849C-EF3490118FD2}.Release|Any CPU.Build.0 = Release|Any CPU
	EndGlobalSection
	GlobalSection(SolutionProperties) = preSolution
		HideSolutionNode = FALSE
	EndGlobalSection
	GlobalSection(ExtensibilityGlobals) = postSolution
		SolutionGuid = {5CDCFA5B-5736-415B-8388-563E446406F5}
	EndGlobalSection
EndGlobal
