
Microsoft Visual Studio Solution File, Format Version 12.00
# Visual Studio 15
VisualStudioVersion = 15.0.28307.136
MinimumVisualStudioVersion = 10.0.40219.1
Project("{FAE04EC0-301F-11D3-BF4B-00C04F79EFBC}") = "Method3", "Method3\Method3.csproj", "{BBF8F6B9-40B7-420E-8ABF-D3931DDD82CC}"
EndProject
Global
	GlobalSection(SolutionConfigurationPlatforms) = preSolution
		Debug|Any CPU = Debug|Any CPU
		Release|Any CPU = Release|Any CPU
	EndGlobalSection
	GlobalSection(ProjectConfigurationPlatforms) = postSolution
		{BBF8F6B9-40B7-420E-8ABF-D3931DDD82CC}.Debug|Any CPU.ActiveCfg = Debug|Any CPU
		{BBF8F6B9-40B7-420E-8ABF-D3931DDD82CC}.Debug|Any CPU.Build.0 = Debug|Any CPU
		{BBF8F6B9-40B7-420E-8ABF-D3931DDD82CC}.Release|Any CPU.ActiveCfg = Release|Any CPU
		{BBF8F6B9-40B7-420E-8ABF-D3931DDD82CC}.Release|Any CPU.Build.0 = Release|Any CPU
	EndGlobalSection
	GlobalSection(SolutionProperties) = preSolution
		HideSolutionNode = FALSE
	EndGlobalSection
	GlobalSection(ExtensibilityGlobals) = postSolution
		SolutionGuid = {C99462FA-5C48-4F5F-9B00-3240EBA2C4C8}
	EndGlobalSection
EndGlobal
